{
  "name": "terraform-github-action",
  "version": "1.0.0",
  "lockfileVersion": 3,
  "requires": true,
  "packages": {
    "": {
      "name": "terraform-github-action",
      "version": "1.0.0",
      "license": "ISC",
      "dependencies": {
        "js-terraform": "^0.0.1"
      }
    },
    "node_modules/js-terraform": {
      "version": "0.0.1",
      "resolved": "https://registry.npmjs.org/js-terraform/-/js-terraform-0.0.1.tgz",
      "integrity": "sha512-4M/2xVIL8gP3TsxIg495uJikLwWbvftNUvy50aQXcbkx042E/UEsgpipF6HprrUzxtsjYRijzhpZbDcM5njcyw=="
    }
  }
}
